# @generated - this file is auto-generated by `mise lock` https://mise.en.dev/dev-tools/mise-lock.html

[[tools.buf]]
version = "1.72.0"
backend = "aqua:bufbuild/buf"

[tools.buf."platforms.linux-arm64"]
checksum = "sha256:7641bd7e06a37a54cbb8c789f53465899def96196ab5c08057432f781a15d517"
url = "https://github.com/bufbuild/buf/releases/download/v1.72.0/buf-Linux-aarch64.tar.gz"
url_api = "https://api.github.com/repos/bufbuild/buf/releases/assets/480772526"
provenance = "minisign"

[tools.buf."platforms.linux-x64"]
checksum = "sha256:a9c6186cf6fcf062b247345e1b7b12c26f580c1b2a4bbf4d3fe080abf85ceee8"
url = "https://github.com/bufbuild/buf/releases/download/v1.72.0/buf-Linux-x86_64.tar.gz"
url_api = "https://api.github.com/repos/bufbuild/buf/releases/assets/480772583"
provenance = "minisign"

[tools.buf."platforms.macos-arm64"]
checksum = "sha256:be040ae0ca381103dfda68a36738695c4db3e48de8e91412acdc3d991f39b91e"
url = "https://github.com/bufbuild/buf/releases/download/v1.72.0/buf-Darwin-arm64.tar.gz"
url_api = "https://api.github.com/repos/bufbuild/buf/releases/assets/480772487"
provenance = "minisign"

[tools.buf."platforms.windows-arm64"]
checksum = "sha256:79d7a18bddde96c248e5a606ba280708e71887a35939dee82cd49749740b77dc"
url = "https://github.com/bufbuild/buf/releases/download/v1.72.0/buf-Windows-arm64.zip"
url_api = "https://api.github.com/repos/bufbuild/buf/releases/assets/480772606"
provenance = "minisign"

[tools.buf."platforms.windows-x64"]
checksum = "sha256:0332d8d1bf062c95a0418081b7e574551032ee72064af05e304e3a1454f8cf11"
url = "https://github.com/bufbuild/buf/releases/download/v1.72.0/buf-Windows-x86_64.zip"
url_api = "https://api.github.com/repos/bufbuild/buf/releases/assets/480772631"
provenance = "minisign"

[[tools."github:EmbarkStudios/cargo-about"]]
version = "0.8.4"
backend = "github:EmbarkStudios/cargo-about"

[tools."github:EmbarkStudios/cargo-about".options]
version_prefix = ""

[tools."github:EmbarkStudios/cargo-about"."platforms.linux-arm64"]
checksum = "sha256:33e0d54c0366308095fdb9101642d281b224131299e1c62001f43aa02bb3573e"
url = "https://github.com/EmbarkStudios/cargo-about/releases/download/0.8.4/cargo-about-0.8.4-aarch64-unknown-linux-musl.tar.gz"
url_api = "https://api.github.com/repos/EmbarkStudios/cargo-about/releases/assets/324268870"

[tools."github:EmbarkStudios/cargo-about"."platforms.linux-x64"]
checksum = "sha256:c7381aa0cdc41fc0ee662cec8daa260da7817ad8ddea04cd4ddad425460adf14"
url = "https://github.com/EmbarkStudios/cargo-about/releases/download/0.8.4/cargo-about-0.8.4-x86_64-unknown-linux-musl.tar.gz"
url_api = "https://api.github.com/repos/EmbarkStudios/cargo-about/releases/assets/324268787"

[tools."github:EmbarkStudios/cargo-about"."platforms.macos-arm64"]
checksum = "sha256:d5255ead3ac861a11c785bf19d4f70f16e59ac8b9519c312da61213d3d57351d"
url = "https://github.com/EmbarkStudios/cargo-about/releases/download/0.8.4/cargo-about-0.8.4-aarch64-apple-darwin.tar.gz"
url_api = "https://api.github.com/repos/EmbarkStudios/cargo-about/releases/assets/324268695"

[tools."github:EmbarkStudios/cargo-about"."platforms.windows-arm64"]
checksum = "sha256:39d8f5498df1bc4c61b4c64067eb600d2432700a7a7b347ef479d147cc48b067"
url = "https://github.com/EmbarkStudios/cargo-about/releases/download/0.8.4/cargo-about-0.8.4-aarch64-pc-windows-msvc.tar.gz"
url_api = "https://api.github.com/repos/EmbarkStudios/cargo-about/releases/assets/324269541"

[tools."github:EmbarkStudios/cargo-about"."platforms.windows-x64"]
checksum = "sha256:d5c38fb914bbad57c6a7d58c4847315bc3fe11efbe4fb51b3c515f997a56ceb7"
url = "https://github.com/EmbarkStudios/cargo-about/releases/download/0.8.4/cargo-about-0.8.4-x86_64-pc-windows-msvc.tar.gz"
url_api = "https://api.github.com/repos/EmbarkStudios/cargo-about/releases/assets/324269449"

[[tools."github:EmbarkStudios/cargo-deny"]]
version = "0.20.2"
backend = "github:EmbarkStudios/cargo-deny"

[tools."github:EmbarkStudios/cargo-deny".options]
version_prefix = ""

[tools."github:EmbarkStudios/cargo-deny"."platforms.linux-arm64"]
checksum = "sha256:995c82be0defc7a025cae49a2aa2644ce8245c9a3318fc4103907c6a285e8c7d"
url = "https://github.com/EmbarkStudios/cargo-deny/releases/download/0.20.2/cargo-deny-0.20.2-aarch64-unknown-linux-musl.tar.gz"
url_api = "https://api.github.com/repos/EmbarkStudios/cargo-deny/releases/assets/471598345"

[tools."github:EmbarkStudios/cargo-deny"."platforms.linux-x64"]
checksum = "sha256:9f12ed4c49936e09b48bf862b595cde2fe64fcbd9d74dfacac6131ca824c8d5f"
url = "https://github.com/EmbarkStudios/cargo-deny/releases/download/0.20.2/cargo-deny-0.20.2-x86_64-unknown-linux-musl.tar.gz"
url_api = "https://api.github.com/repos/EmbarkStudios/cargo-deny/releases/assets/471598214"

[tools."github:EmbarkStudios/cargo-deny"."platforms.macos-arm64"]
checksum = "sha256:fe67d82a10d8597a3549364cb733a3f9cc1bfff9031b7ae46384a9f2a72090c3"
url = "https://github.com/EmbarkStudios/cargo-deny/releases/download/0.20.2/cargo-deny-0.20.2-aarch64-apple-darwin.tar.gz"
url_api = "https://api.github.com/repos/EmbarkStudios/cargo-deny/releases/assets/471597689"

[tools."github:EmbarkStudios/cargo-deny"."platforms.windows-x64"]
checksum = "sha256:975a22143262fd27476d19ee00c7af67978426e40e1dee94eed6bbade1cf87dc"
url = "https://github.com/EmbarkStudios/cargo-deny/releases/download/0.20.2/cargo-deny-0.20.2-x86_64-pc-windows-msvc.tar.gz"
url_api = "https://api.github.com/repos/EmbarkStudios/cargo-deny/releases/assets/471599057"

[[tools."github:anchore/syft"]]
version = "1.44.0"
backend = "github:anchore/syft"

[tools."github:anchore/syft"."platforms.linux-arm64"]
checksum = "sha256:6f6cdcdc695721d91ce756e3b5bc3e3416599c464101f5e32e9c3f33054ee6d9"
url = "https://github.com/anchore/syft/releases/download/v1.44.0/syft_1.44.0_linux_arm64.tar.gz"
url_api = "https://api.github.com/repos/anchore/syft/releases/assets/410001182"
provenance = "github-attestations"

[tools."github:anchore/syft"."platforms.linux-x64"]
checksum = "sha256:0e91737aee2b5baf1d255b959630194a302335d848ff97bb07921eb6205b5f5a"
url = "https://github.com/anchore/syft/releases/download/v1.44.0/syft_1.44.0_linux_amd64.tar.gz"
url_api = "https://api.github.com/repos/anchore/syft/releases/assets/410001183"
provenance = "github-attestations"

[tools."github:anchore/syft"."platforms.macos-arm64"]
checksum = "sha256:24e4d34078ae81da7c82539616f0ccac3e226cf4f74a38ce6fb3463619e50a55"
url = "https://github.com/anchore/syft/releases/download/v1.44.0/syft_1.44.0_darwin_arm64.tar.gz"
url_api = "https://api.github.com/repos/anchore/syft/releases/assets/410001187"
provenance = "github-attestations"

[tools."github:anchore/syft"."platforms.windows-arm64"]
checksum = "sha256:3ebcde4f1bdfd3149c4527b85279cfc725ba7660ccf54b68b51be06a9271808e"
url = "https://github.com/anchore/syft/releases/download/v1.44.0/syft_1.44.0_windows_arm64.zip"
url_api = "https://api.github.com/repos/anchore/syft/releases/assets/410001171"
provenance = "github-attestations"

[tools."github:anchore/syft"."platforms.windows-x64"]
checksum = "sha256:195e786eb84ec145854f20528992e86637c77d1968731dfe6ce850c90e28f47a"
url = "https://github.com/anchore/syft/releases/download/v1.44.0/syft_1.44.0_windows_amd64.zip"
url_api = "https://api.github.com/repos/anchore/syft/releases/assets/410001172"
provenance = "github-attestations"

[[tools."github:mozilla/sccache"]]
version = "0.16.0"
backend = "github:mozilla/sccache"

[tools."github:mozilla/sccache"."platforms.linux-arm64"]
checksum = "sha256:f73a5c39f96bb6ebb89cc7915cf182260d4cbf30765322c5e793d0fe8bd80784"
url = "https://github.com/mozilla/sccache/releases/download/v0.16.0/sccache-v0.16.0-aarch64-unknown-linux-musl.tar.gz"
url_api = "https://api.github.com/repos/mozilla/sccache/releases/assets/452060468"

[tools."github:mozilla/sccache"."platforms.macos-arm64"]
checksum = "sha256:ded590cae2c72042c61178632906bef62d635fa20d45f8b22110a2241f430960"
url = "https://github.com/mozilla/sccache/releases/download/v0.16.0/sccache-v0.16.0-aarch64-apple-darwin.tar.gz"
url_api = "https://api.github.com/repos/mozilla/sccache/releases/assets/452060416"

[tools."github:mozilla/sccache"."platforms.windows-arm64"]
checksum = "sha256:6a715fe44d9b7a2cac15c256411ef232d3b6276e2421bd3be16ab32af71fbf88"
url = "https://github.com/mozilla/sccache/releases/download/v0.16.0/sccache-v0.16.0-aarch64-pc-windows-msvc.zip"
url_api = "https://api.github.com/repos/mozilla/sccache/releases/assets/452060703"

[tools."github:mozilla/sccache"."platforms.windows-x64"]
checksum = "sha256:b8514ed7552e148b0a032114f745118dcb801791adafafeaf9935e4bfb0edf1b"
url = "https://github.com/mozilla/sccache/releases/download/v0.16.0/sccache-v0.16.0-x86_64-pc-windows-msvc.zip"
url_api = "https://api.github.com/repos/mozilla/sccache/releases/assets/452060720"

[[tools."github:mozilla/sccache"]]
version = "0.16.0"
backend = "github:mozilla/sccache"

[tools."github:mozilla/sccache".options]
asset_pattern = "sccache-v*x86_64*linux*.tar.gz"

[tools."github:mozilla/sccache"."platforms.linux-x64"]
checksum = "sha256:aec995a83ad3dff3d14b6314e08858b7b73d35ca85a5bcf3d3a9ec07dee35588"
url = "https://github.com/mozilla/sccache/releases/download/v0.16.0/sccache-v0.16.0-x86_64-unknown-linux-musl.tar.gz"
url_api = "https://api.github.com/repos/mozilla/sccache/releases/assets/452060682"

[[tools."github:nextest-rs/nextest"]]
version = "0.9.143"
backend = "github:nextest-rs/nextest"

[tools."github:nextest-rs/nextest".options]
version_prefix = "cargo-nextest-"

[tools."github:nextest-rs/nextest"."platforms.linux-arm64"]
checksum = "sha256:2a64b3566a92508550a7ab29c3e8db25472ca37730ecb4d22100b6aa440c2a68"
url = "https://github.com/nextest-rs/nextest/releases/download/cargo-nextest-0.9.143/cargo-nextest-0.9.143-aarch64-unknown-linux-gnu.tar.gz"
url_api = "https://api.github.com/repos/nextest-rs/nextest/releases/assets/501881925"
provenance = "github-attestations"

[tools."github:nextest-rs/nextest"."platforms.linux-x64"]
checksum = "sha256:66786b9abe23920d022a182d1416b1bbc8130dd4872a9553d76985a1708dcd1e"
url = "https://github.com/nextest-rs/nextest/releases/download/cargo-nextest-0.9.143/cargo-nextest-0.9.143-x86_64-unknown-linux-gnu.tar.gz"
url_api = "https://api.github.com/repos/nextest-rs/nextest/releases/assets/501882467"
provenance = "github-attestations"
provenance_verified = true

[tools."github:nextest-rs/nextest"."platforms.macos-arm64"]
checksum = "sha256:4830d430411148d17602a75cc880bfb4dc8dac153dea59a48a2ef4cc93577f07"
url = "https://github.com/nextest-rs/nextest/releases/download/cargo-nextest-0.9.143/cargo-nextest-0.9.143-universal-apple-darwin.tar.gz"
url_api = "https://api.github.com/repos/nextest-rs/nextest/releases/assets/501885637"
provenance = "github-attestations"

[tools."github:nextest-rs/nextest"."platforms.windows-arm64"]
checksum = "sha256:58c1637ba2396e6c556aa0092f9aa4388695594b8ddda5a4b8b39212574678ce"
url = "https://github.com/nextest-rs/nextest/releases/download/cargo-nextest-0.9.143/cargo-nextest-0.9.143-aarch64-pc-windows-msvc.zip"
url_api = "https://api.github.com/repos/nextest-rs/nextest/releases/assets/501886128"
provenance = "github-attestations"

[tools."github:nextest-rs/nextest"."platforms.windows-x64"]
checksum = "sha256:c670ba18e8731fd2eff33a47af33a0fa53d1afa6d0678344e82dc6f8fc7344ac"
url = "https://github.com/nextest-rs/nextest/releases/download/cargo-nextest-0.9.143/cargo-nextest-0.9.143-x86_64-pc-windows-msvc.zip"
url_api = "https://api.github.com/repos/nextest-rs/nextest/releases/assets/501885754"
provenance = "github-attestations"

[[tools."github:rust-cross/cargo-zigbuild"]]
version = "0.22.3"
backend = "github:rust-cross/cargo-zigbuild"

[tools."github:rust-cross/cargo-zigbuild"."platforms.linux-arm64"]
checksum = "sha256:6f86a78cf8be222ac08a68a944ffd8a1ef9d455c504097f0ffbd8bcfbe434a55"
url = "https://github.com/rust-cross/cargo-zigbuild/releases/download/v0.22.3/cargo-zigbuild-aarch64-unknown-linux-gnu.tar.xz"
url_api = "https://api.github.com/repos/rust-cross/cargo-zigbuild/releases/assets/405676932"

[tools."github:rust-cross/cargo-zigbuild"."platforms.linux-x64"]
checksum = "sha256:6a014d41ba41ca4b69ca4c4819b9f78a41b0197b5d486904e31c1244e3686190"
url = "https://github.com/rust-cross/cargo-zigbuild/releases/download/v0.22.3/cargo-zigbuild-x86_64-unknown-linux-gnu.tar.xz"
url_api = "https://api.github.com/repos/rust-cross/cargo-zigbuild/releases/assets/405676949"

[tools."github:rust-cross/cargo-zigbuild"."platforms.macos-arm64"]
checksum = "sha256:29caf036bdbb4e6f07afea31706b6f386cb5a4db9a46a3a8b462b9b78157e08d"
url = "https://github.com/rust-cross/cargo-zigbuild/releases/download/v0.22.3/cargo-zigbuild-aarch64-apple-darwin.tar.xz"
url_api = "https://api.github.com/repos/rust-cross/cargo-zigbuild/releases/assets/405676922"

[tools."github:rust-cross/cargo-zigbuild"."platforms.windows-arm64"]
checksum = "sha256:f71b91912d79d8d71cd86d8ce73cc69c0615800bf34a86f6e1ac81b70084e5c5"
url = "https://github.com/rust-cross/cargo-zigbuild/releases/download/v0.22.3/cargo-zigbuild-aarch64-pc-windows-msvc.zip"
url_api = "https://api.github.com/repos/rust-cross/cargo-zigbuild/releases/assets/405676919"

[tools."github:rust-cross/cargo-zigbuild"."platforms.windows-x64"]
checksum = "sha256:675804464634cf068dc206e9fafc1bd4557ffcc0b1638a1ff246d899b776fe35"
url = "https://github.com/rust-cross/cargo-zigbuild/releases/download/v0.22.3/cargo-zigbuild-x86_64-pc-windows-msvc.zip"
url_api = "https://api.github.com/repos/rust-cross/cargo-zigbuild/releases/assets/405676944"

[[tools."github:rust-secure-code/cargo-auditable"]]
version = "0.7.5"
backend = "github:rust-secure-code/cargo-auditable"

[tools."github:rust-secure-code/cargo-auditable"."platforms.linux-arm64"]
checksum = "sha256:6d364879b516fa914f98504e551faddedf35b71543b4331a6d26e4e217778cfa"
url = "https://github.com/rust-secure-code/cargo-auditable/releases/download/v0.7.5/cargo-auditable-aarch64-unknown-linux-gnu.tar.xz"
url_api = "https://api.github.com/repos/rust-secure-code/cargo-auditable/releases/assets/426566627"

[tools."github:rust-secure-code/cargo-auditable"."platforms.linux-x64"]
checksum = "sha256:322eda09f24e5dba97371c6c2c6949569c411ddf893852e88135cc5b51d5a719"
url = "https://github.com/rust-secure-code/cargo-auditable/releases/download/v0.7.5/cargo-auditable-x86_64-unknown-linux-gnu.tar.xz"
url_api = "https://api.github.com/repos/rust-secure-code/cargo-auditable/releases/assets/426566663"

[tools."github:rust-secure-code/cargo-auditable"."platforms.macos-arm64"]
checksum = "sha256:92720fff2be27492ca7b216510a27e88a835b526e9e94e46bc36b502ba17d8f0"
url = "https://github.com/rust-secure-code/cargo-auditable/releases/download/v0.7.5/cargo-auditable-aarch64-apple-darwin.tar.xz"
url_api = "https://api.github.com/repos/rust-secure-code/cargo-auditable/releases/assets/426566625"

[tools."github:rust-secure-code/cargo-auditable"."platforms.windows-arm64"]
checksum = "sha256:621454ff8c7aba883c51b349bb418c7bc940733894e2bcc1df928899b7064180"
url = "https://github.com/rust-secure-code/cargo-auditable/releases/download/v0.7.5/cargo-auditable-aarch64-pc-windows-msvc.zip"
url_api = "https://api.github.com/repos/rust-secure-code/cargo-auditable/releases/assets/426566624"

[tools."github:rust-secure-code/cargo-auditable"."platforms.windows-x64"]
checksum = "sha256:83a7d5955c7ac96ede5d896ac9ede5f7ecce9ece0e95d9e47acd766b09e2ef1b"
url = "https://github.com/rust-secure-code/cargo-auditable/releases/download/v0.7.5/cargo-auditable-x86_64-pc-windows-msvc.zip"
url_api = "https://api.github.com/repos/rust-secure-code/cargo-auditable/releases/assets/426566657"

[[tools.go]]
version = "1.26.7"
backend = "core:go"

[tools.go."platforms.linux-arm64"]
checksum = "sha256:5a4ec883379d51ee9ce1040d5e87f8d35e20387574dd8c947feb01eabc3c1b37"
url = "https://dl.google.com/go/go1.26.7.linux-arm64.tar.gz"

[tools.go."platforms.linux-x64"]
checksum = "sha256:ffb5f8de10c62550dfddab66b36b57030721e0a44a3218e9e1181d7b59f121ca"
url = "https://dl.google.com/go/go1.26.7.linux-amd64.tar.gz"

[tools.go."platforms.macos-arm64"]
checksum = "sha256:020a1e8224811be75163e920bc77e0926a1390a6aeea19bdcf23f74b9d749f6d"
url = "https://dl.google.com/go/go1.26.7.darwin-arm64.tar.gz"

[tools.go."platforms.windows-arm64"]
checksum = "sha256:6f1b08de9e2dd94f69c52e524ab6834737275253291e8fd7f1c12ed4eceeda89"
url = "https://dl.google.com/go/go1.26.7.windows-arm64.zip"

[tools.go."platforms.windows-x64"]
checksum = "sha256:f4f534a486e4bc3387fa18f08208f2f854b7aaea8a08f2a2d829a914a05abb11"
url = "https://dl.google.com/go/go1.26.7.windows-amd64.zip"

[[tools."go:github.com/golangci/golangci-lint/v2/cmd/golangci-lint"]]
version = "2.12.2"
backend = "go:github.com/golangci/golangci-lint/v2/cmd/golangci-lint"

[[tools."go:golang.org/x/tools/cmd/goimports"]]
version = "0.48.0"
backend = "go:golang.org/x/tools/cmd/goimports"

[[tools."go:google.golang.org/grpc/cmd/protoc-gen-go-grpc"]]
version = "1.6.2"
backend = "go:google.golang.org/grpc/cmd/protoc-gen-go-grpc"

[[tools."go:google.golang.org/protobuf/cmd/protoc-gen-go"]]
version = "1.36.11"
backend = "go:google.golang.org/protobuf/cmd/protoc-gen-go"

[[tools.helm]]
version = "4.2.0"
backend = "aqua:helm/helm"

[tools.helm.options]
"vars.version_prefix" = "v"

[tools.helm."platforms.linux-arm64"]
checksum = "sha256:1f8de130dfbd04de64978e7b852a7a547be1404956a366608276d2520b678670"
url = "https://get.helm.sh/helm-v4.2.0-linux-arm64.tar.gz"

[tools.helm."platforms.linux-x64"]
checksum = "sha256:97dbeb971be4ac4b27e3839976d9564c0fb35c6f3b1da89dd1e292d236af4096"
url = "https://get.helm.sh/helm-v4.2.0-linux-amd64.tar.gz"

[tools.helm."platforms.macos-arm64"]
checksum = "sha256:f13f959015447b6bc309f9fd506509926543988a39035c088b52522ec95e2acb"
url = "https://get.helm.sh/helm-v4.2.0-darwin-arm64.tar.gz"

[tools.helm."platforms.windows-arm64"]
checksum = "sha256:41b8c33f7bb5ed094412b50702e70014633383e2cc32efd60239afbfe9fdbc19"
url = "https://get.helm.sh/helm-v4.2.0-windows-arm64.tar.gz"

[tools.helm."platforms.windows-x64"]
checksum = "sha256:34bf9659f8f04f3841a60131183b8e2acc44e260db4c93b889ff09718cacca6f"
url = "https://get.helm.sh/helm-v4.2.0-windows-amd64.tar.gz"

[[tools.helm-docs]]
version = "1.14.2"
backend = "aqua:norwoodj/helm-docs"

[tools.helm-docs."platforms.linux-arm64"]
checksum = "sha256:c3787212332386dcd122debef7848feb165aa701467ae3e3442df7638f3ac4e4"
url = "https://github.com/norwoodj/helm-docs/releases/download/v1.14.2/helm-docs_1.14.2_Linux_arm64.tar.gz"
url_api = "https://api.github.com/repos/norwoodj/helm-docs/releases/assets/178327216"

[tools.helm-docs."platforms.linux-x64"]
checksum = "sha256:a8cf72ada34fad93285ba2a452b38bdc5bd52cc9a571236244ec31022928d6cc"
url = "https://github.com/norwoodj/helm-docs/releases/download/v1.14.2/helm-docs_1.14.2_Linux_x86_64.tar.gz"
url_api = "https://api.github.com/repos/norwoodj/helm-docs/releases/assets/178327210"

[tools.helm-docs."platforms.macos-arm64"]
checksum = "sha256:2d8399db5b33d240d5f8985241bcf5483563150b968e3229823822979f3e4b8b"
url = "https://github.com/norwoodj/helm-docs/releases/download/v1.14.2/helm-docs_1.14.2_Darwin_arm64.tar.gz"
url_api = "https://api.github.com/repos/norwoodj/helm-docs/releases/assets/178327215"

[tools.helm-docs."platforms.windows-arm64"]
checksum = "sha256:c6a5f43e89837bd29749298ca27ed350ca8ee6ef64e25ce9653e709171dbbaa4"
url = "https://github.com/norwoodj/helm-docs/releases/download/v1.14.2/helm-docs_1.14.2_Windows_arm64.tar.gz"
url_api = "https://api.github.com/repos/norwoodj/helm-docs/releases/assets/178327223"

[tools.helm-docs."platforms.windows-x64"]
checksum = "sha256:3c54fd78d99e2769cf83a0faf12cf6cd4de1cac6ed7bee8d908a2c8fc23f538c"
url = "https://github.com/norwoodj/helm-docs/releases/download/v1.14.2/helm-docs_1.14.2_Windows_x86_64.tar.gz"
url_api = "https://api.github.com/repos/norwoodj/helm-docs/releases/assets/178327219"

[[tools.k3d]]
version = "5.8.3"
backend = "aqua:k3d-io/k3d"

[tools.k3d."platforms.linux-arm64"]
checksum = "sha256:0b8110f2229631af7402fb828259330985918b08fefd38b7f1b788a1c8687216"
url = "https://github.com/k3d-io/k3d/releases/download/v5.8.3/k3d-linux-arm64"
url_api = "https://api.github.com/repos/k3d-io/k3d/releases/assets/229450023"

[tools.k3d."platforms.linux-x64"]
checksum = "sha256:dbaa79a76ace7f4ca230a1ff41dc7d8a5036a8ad0309e9c54f9bf3836dbe853e"
url = "https://github.com/k3d-io/k3d/releases/download/v5.8.3/k3d-linux-amd64"
url_api = "https://api.github.com/repos/k3d-io/k3d/releases/assets/229450045"

[tools.k3d."platforms.macos-arm64"]
checksum = "sha256:8da468daa7dc7cf7cdd4735f90a9bb05179fa27858250f62e3d8cdf5b5ca0698"
url = "https://github.com/k3d-io/k3d/releases/download/v5.8.3/k3d-darwin-arm64"
url_api = "https://api.github.com/repos/k3d-io/k3d/releases/assets/229450067"

[tools.k3d."platforms.windows-arm64"]
checksum = "sha256:655d2aadcb1f0a0dd196c5cbc564687ba945a9547c8e82c9fc532051fb260e22"
url = "https://github.com/k3d-io/k3d/releases/download/v5.8.3/k3d-windows-amd64.exe"
url_api = "https://api.github.com/repos/k3d-io/k3d/releases/assets/229450011"

[tools.k3d."platforms.windows-x64"]
checksum = "sha256:655d2aadcb1f0a0dd196c5cbc564687ba945a9547c8e82c9fc532051fb260e22"
url = "https://github.com/k3d-io/k3d/releases/download/v5.8.3/k3d-windows-amd64.exe"
url_api = "https://api.github.com/repos/k3d-io/k3d/releases/assets/229450011"

[[tools.kubectl]]
version = "1.36.1"
backend = "aqua:kubernetes/kubernetes/kubectl"

[tools.kubectl.options]
"vars.version_prefix" = "v"

[tools.kubectl."platforms.linux-arm64"]
checksum = "sha256:59f7ee8e477fae658447607dc3c8790ac17a1b016c01c622c12070e969e2d4e7"
url = "https://dl.k8s.io/v1.36.1/bin/linux/arm64/kubectl"

[tools.kubectl."platforms.linux-x64"]
checksum = "sha256:629d3f410e09bf49b64ae7079f7f0bda1191efed311f7d37fdbab0ad5b0ec2b7"
url = "https://dl.k8s.io/v1.36.1/bin/linux/amd64/kubectl"

[tools.kubectl."platforms.macos-arm64"]
checksum = "sha256:9092778abaef3079449da4cd70ded0e4be112480c93efcdeace3155968d1d133"
url = "https://dl.k8s.io/v1.36.1/bin/darwin/arm64/kubectl"

[tools.kubectl."platforms.windows-arm64"]
checksum = "sha256:606ab5d869b85c15acd2739dec16e74a589d535874875a62f23d0319c7c80fed"
url = "https://dl.k8s.io/v1.36.1/bin/windows/arm64/kubectl.exe"

[tools.kubectl."platforms.windows-x64"]
checksum = "sha256:538f4229eee91a17b34724da7daade7687393d6988e33b723c6c306572c13900"
url = "https://dl.k8s.io/v1.36.1/bin/windows/amd64/kubectl.exe"

[[tools.node]]
version = "24.15.0"
backend = "core:node"

[tools.node."platforms.linux-arm64"]
checksum = "sha256:73afc234d558c24919875f51c2d1ea002a2ada4ea6f83601a383869fefa64eed"
url = "https://nodejs.org/dist/v24.15.0/node-v24.15.0-linux-arm64.tar.gz"

[tools.node."platforms.linux-x64"]
checksum = "sha256:44836872d9aec49f1e6b52a9a922872db9a2b02d235a616a5681b6a85fec8d89"
url = "https://nodejs.org/dist/v24.15.0/node-v24.15.0-linux-x64.tar.gz"

[tools.node."platforms.macos-arm64"]
checksum = "sha256:372331b969779ab5d15b949884fc6eaf88d5afe87bde8ba881d6400b9100ffc4"
url = "https://nodejs.org/dist/v24.15.0/node-v24.15.0-darwin-arm64.tar.gz"

[tools.node."platforms.windows-arm64"]
checksum = "sha256:c9eb7402eda26e2ba7e44b6727fc85a8de56c5095b1f71ebd3062892211aa116"
url = "https://nodejs.org/dist/v24.15.0/node-v24.15.0-win-arm64.zip"

[tools.node."platforms.windows-x64"]
checksum = "sha256:cc5149eabd53779ce1e7bdc5401643622d0c7e6800ade18928a767e940bb0e62"
url = "https://nodejs.org/dist/v24.15.0/node-v24.15.0-win-x64.zip"

[[tools."npm:markdownlint-cli2"]]
version = "0.22.0"
backend = "npm:markdownlint-cli2"

[[tools.protoc]]
version = "29.6"
backend = "aqua:protocolbuffers/protobuf/protoc"

[tools.protoc."platforms.linux-arm64"]
checksum = "sha256:2594ff4fcae8cb57310d394d0961b236190ad9c5efbfdf1f597ea471d424fe79"
url = "https://github.com/protocolbuffers/protobuf/releases/download/v29.6/protoc-29.6-linux-aarch_64.zip"
url_api = "https://api.github.com/repos/protocolbuffers/protobuf/releases/assets/350795076"

[tools.protoc."platforms.linux-x64"]
checksum = "sha256:48785a926e73ffa3f68e2f22b14e7b849620c7a1d36809ac9249a5495e280323"
url = "https://github.com/protocolbuffers/protobuf/releases/download/v29.6/protoc-29.6-linux-x86_64.zip"
url_api = "https://api.github.com/repos/protocolbuffers/protobuf/releases/assets/350795083"

[tools.protoc."platforms.macos-arm64"]
checksum = "sha256:b9576b5fa1a1ef3fe13a8c91d9d8204b46545759bea5ae155cd6ba2ea4cdaeed"
url = "https://github.com/protocolbuffers/protobuf/releases/download/v29.6/protoc-29.6-osx-aarch_64.zip"
url_api = "https://api.github.com/repos/protocolbuffers/protobuf/releases/assets/350795082"

[tools.protoc."platforms.windows-arm64"]
checksum = "sha256:1ebd7c87baffb9f1c47169b640872bf5fb1e4408079c691af527be9561d8f6f7"
url = "https://github.com/protocolbuffers/protobuf/releases/download/v29.6/protoc-29.6-win64.zip"
url_api = "https://api.github.com/repos/protocolbuffers/protobuf/releases/assets/350795088"

[tools.protoc."platforms.windows-x64"]
checksum = "sha256:1ebd7c87baffb9f1c47169b640872bf5fb1e4408079c691af527be9561d8f6f7"
url = "https://github.com/protocolbuffers/protobuf/releases/download/v29.6/protoc-29.6-win64.zip"
url_api = "https://api.github.com/repos/protocolbuffers/protobuf/releases/assets/350795088"

[[tools.python]]
version = "3.14.5"
backend = "core:python"

[tools.python.options]
precompiled_flavor = "install_only_stripped"

[tools.python."platforms.linux-arm64"]
checksum = "sha256:1d3ea1b3cd9b8f3d53afb629e82e9bc8f6dab6cbb1a7d23524bd86ba5bc22570"
url = "https://github.com/astral-sh/python-build-standalone/releases/download/20260602/cpython-3.14.5+20260602-aarch64-unknown-linux-gnu-install_only_stripped.tar.gz"
provenance = "github-attestations"

[tools.python."platforms.linux-x64"]
checksum = "sha256:982a60fc7f11bbe405ab54afcd4eb145f1134797bbbffac9f5c49df4ec98b13e"
url = "https://github.com/astral-sh/python-build-standalone/releases/download/20260602/cpython-3.14.5+20260602-x86_64-unknown-linux-gnu-install_only_stripped.tar.gz"
provenance = "github-attestations"

[tools.python."platforms.macos-arm64"]
checksum = "sha256:3a0373cc39fefd494754ef555267f245c720cddbaaabf63a7c9a4269f1e56532"
url = "https://github.com/astral-sh/python-build-standalone/releases/download/20260602/cpython-3.14.5+20260602-aarch64-apple-darwin-install_only_stripped.tar.gz"
provenance = "github-attestations"

[tools.python."platforms.windows-arm64"]
checksum = "sha256:5efad489fd34d4e9c1f9c65ec43bd1764d9a8f5093d6dee44e9b1f3b500606bb"
url = "https://github.com/astral-sh/python-build-standalone/releases/download/20260602/cpython-3.14.5+20260602-aarch64-pc-windows-msvc-install_only_stripped.tar.gz"
provenance = "github-attestations"

[tools.python."platforms.windows-x64"]
checksum = "sha256:66b065143e538c07f069f764d831d8ffae95507907d4ca211304e6f3a056435c"
url = "https://github.com/astral-sh/python-build-standalone/releases/download/20260602/cpython-3.14.5+20260602-x86_64-pc-windows-msvc-install_only_stripped.tar.gz"
provenance = "github-attestations"

[[tools.rust]]
version = "1.95.0"
backend = "core:rust"

[[tools.skaffold]]
version = "2.20.0"
backend = "aqua:GoogleContainerTools/skaffold"

[tools.skaffold.options]
"vars.version_prefix" = "v"

[tools.skaffold."platforms.linux-arm64"]
checksum = "sha256:0062e1ff61f35200168454fa5a836306dd30b51acf30999d5d8836770d70ad2f"
url = "https://storage.googleapis.com/skaffold/releases/v2.20.0/skaffold-linux-arm64"

[tools.skaffold."platforms.linux-x64"]
checksum = "sha256:de75d5697d4a14d6a5e87105671ef9a30990270ab14ad301913f8f8d41a1ecca"
url = "https://storage.googleapis.com/skaffold/releases/v2.20.0/skaffold-linux-amd64"

[tools.skaffold."platforms.macos-arm64"]
checksum = "sha256:73478a431c17674d2f75d2c6e2fcbf35aa019de4ad6027e5573cc0f581767fbc"
url = "https://storage.googleapis.com/skaffold/releases/v2.20.0/skaffold-darwin-arm64"

[tools.skaffold."platforms.windows-arm64"]
url = "https://storage.googleapis.com/skaffold/releases/v2.20.0/skaffold-windows-arm64.exe"

[tools.skaffold."platforms.windows-x64"]
checksum = "sha256:a257da2988782b4c1971bb58b9c7bb52176f8a0b587b6520dec0064f271fa416"
url = "https://storage.googleapis.com/skaffold/releases/v2.20.0/skaffold-windows-amd64.exe"

[[tools.uv]]
version = "0.10.12"
backend = "aqua:astral-sh/uv"

[tools.uv."platforms.linux-arm64"]
checksum = "sha256:0ed7d20f49f6b9b60d45fdfcac28f3ac01a671a6ef08672401ed2833423fea2a"
url = "https://github.com/astral-sh/uv/releases/download/0.10.12/uv-aarch64-unknown-linux-gnu.tar.gz"
url_api = "https://api.github.com/repos/astral-sh/uv/releases/assets/377491938"
provenance = "github-attestations"

[tools.uv."platforms.linux-x64"]
checksum = "sha256:ec72570c9d1f33021aa80b176d7baba390de2cfeb1abcbefca346d563bf17484"
url = "https://github.com/astral-sh/uv/releases/download/0.10.12/uv-x86_64-unknown-linux-gnu.tar.gz"
url_api = "https://api.github.com/repos/astral-sh/uv/releases/assets/377491996"
provenance = "github-attestations"

[tools.uv."platforms.macos-arm64"]
checksum = "sha256:ae738b5661a900579ec621d3918c0ef17bdec0da2a8a6d8b161137cd15f25414"
url = "https://github.com/astral-sh/uv/releases/download/0.10.12/uv-aarch64-apple-darwin.tar.gz"
url_api = "https://api.github.com/repos/astral-sh/uv/releases/assets/377491929"
provenance = "github-attestations"

[tools.uv."platforms.windows-arm64"]
checksum = "sha256:4c1d55501869b3330d4aabf45ad6024ce2367e0f3af83344395702d272c22e88"
url = "https://github.com/astral-sh/uv/releases/download/0.10.12/uv-x86_64-pc-windows-msvc.zip"
url_api = "https://api.github.com/repos/astral-sh/uv/releases/assets/377491992"
provenance = "github-attestations"

[tools.uv."platforms.windows-x64"]
checksum = "sha256:4c1d55501869b3330d4aabf45ad6024ce2367e0f3af83344395702d272c22e88"
url = "https://github.com/astral-sh/uv/releases/download/0.10.12/uv-x86_64-pc-windows-msvc.zip"
url_api = "https://api.github.com/repos/astral-sh/uv/releases/assets/377491992"
provenance = "github-attestations"

[[tools.yq]]
version = "4.53.6"
backend = "aqua:mikefarah/yq"

[tools.yq."platforms.linux-arm64"]
checksum = "sha256:88a1016bc1d657375a35864e4f44b6f333df8ff97b559f51bba0adcb2169df09"
url = "https://github.com/mikefarah/yq/releases/download/v4.53.6/yq_linux_arm64"
url_api = "https://api.github.com/repos/mikefarah/yq/releases/assets/522028007"
provenance = "cosign"

[tools.yq."platforms.linux-x64"]
checksum = "sha256:c5f056448f973ae7d39b5401949648a78f2dc1947d6a8eb65be60d5c504b9385"
url = "https://github.com/mikefarah/yq/releases/download/v4.53.6/yq_linux_amd64"
url_api = "https://api.github.com/repos/mikefarah/yq/releases/assets/522028022"
provenance = "cosign"

[tools.yq."platforms.macos-arm64"]
checksum = "sha256:cceb0b8d71ea5294334121f8429f33f92b920e7217d904a2f9f35443968ac424"
url = "https://github.com/mikefarah/yq/releases/download/v4.53.6/yq_darwin_arm64"
url_api = "https://api.github.com/repos/mikefarah/yq/releases/assets/522028033"
provenance = "cosign"

[tools.yq."platforms.windows-arm64"]
checksum = "sha256:9a0ec8f648b0749d3d71286df96384f358c0eeca486bbcdec04e747307021d3a"
url = "https://github.com/mikefarah/yq/releases/download/v4.53.6/yq_windows_arm64.exe"
url_api = "https://api.github.com/repos/mikefarah/yq/releases/assets/522027986"
provenance = "cosign"

[tools.yq."platforms.windows-x64"]
checksum = "sha256:ece3dd8bb50d39f93610506273ea262feb91e5c486bbddbb10abf91b2a6c0f14"
url = "https://github.com/mikefarah/yq/releases/download/v4.53.6/yq_windows_amd64.exe"
url_api = "https://api.github.com/repos/mikefarah/yq/releases/assets/522027974"
provenance = "cosign"

[[tools.zig]]
version = "0.14.1"
backend = "core:zig"

[tools.zig."platforms.linux-arm64"]
checksum = "sha256:f7a654acc967864f7a050ddacfaa778c7504a0eca8d2b678839c21eea47c992b"
url = "https://ziglang.org/download/0.14.1/zig-aarch64-linux-0.14.1.tar.xz"

[tools.zig."platforms.linux-x64"]
checksum = "sha256:24aeeec8af16c381934a6cd7d95c807a8cb2cf7df9fa40d359aa884195c4716c"
url = "https://ziglang.org/download/0.14.1/zig-x86_64-linux-0.14.1.tar.xz"

[tools.zig."platforms.macos-arm64"]
checksum = "sha256:39f3dc5e79c22088ce878edc821dedb4ca5a1cd9f5ef915e9b3cc3053e8faefa"
url = "https://ziglang.org/download/0.14.1/zig-aarch64-macos-0.14.1.tar.xz"

[tools.zig."platforms.windows-arm64"]
checksum = "sha256:b5aac0ccc40dd91e8311b1f257717d8e3903b5fefb8f659de6d65a840ad1d0e7"
url = "https://ziglang.org/download/0.14.1/zig-aarch64-windows-0.14.1.zip"

[tools.zig."platforms.windows-x64"]
checksum = "sha256:554f5378228923ffd558eac35e21af020c73789d87afeabf4bfd16f2e6feed2c"
url = "https://ziglang.org/download/0.14.1/zig-x86_64-windows-0.14.1.zip"
provenance = "minisign"
